
Microsoft Visual Studio Solution File, Format Version 12.00
# Visual Studio 15
VisualStudioVersion = 15.0.28010.2041
MinimumVisualStudioVersion = 10.0.40219.1
Project("{8BC9CEB8-8B4A-11D0-8D11-00A0C91BC942}") = "GreedySnakeVS2017", "GreedySnakeVS2017\GreedySnakeVS2017.vcxproj", "{4A5594C2-CAAB-4E81-9BE2-8A19472DB4F4}"
EndProject
Project("{8BC9CEB8-8B4A-11D0-8D11-00A0C91BC942}") = "ConsoleApplication2", "ConsoleApplication2\ConsoleApplication2.vcxproj", "{38313A97-C3DF-44EC-B27B-C77BEB00BF9D}"
EndProject
Global
	GlobalSection(SolutionConfigurationPlatforms) = preSolution
		Debug|x64 = Debug|x64
		Debug|x86 = Debug|x86
		Release|x64 = Release|x64
		Release|x86 = Release|x86
	EndGlobalSection
	GlobalSection(ProjectConfigurationPlatforms) = postSolution
		{4A5594C2-CAAB-4E81-9BE2-8A19472DB4F4}.Debug|x64.ActiveCfg = Debug|x64
		{4A5594C2-CAAB-4E81-9BE2-8A19472DB4F4}.Debug|x64.Build.0 = Debug|x64
		{4A5594C2-CAAB-4E81-9BE2-8A19472DB4F4}.Debug|x86.ActiveCfg = Debug|Win32
		{4A5594C2-CAAB-4E81-9BE2-8A19472DB4F4}.Debug|x86.Build.0 = Debug|Win32
		{4A5594C2-CAAB-4E81-9BE2-8A19472DB4F4}.Release|x64.ActiveCfg = Release|x64
		{4A5594C2-CAAB-4E81-9BE2-8A19472DB4F4}.Release|x64.Build.0 = Release|x64
		{4A5594C2-CAAB-4E81-9BE2-8A19472DB4F4}.Release|x86.ActiveCfg = Release|Win32
		{4A5594C2-CAAB-4E81-9BE2-8A19472DB4F4}.Release|x86.Build.0 = Release|Win32
		{38313A97-C3DF-44EC-B27B-C77BEB00BF9D}.Debug|x64.ActiveCfg = Debug|x64
		{38313A97-C3DF-44EC-B27B-C77BEB00BF9D}.Debug|x64.Build.0 = Debug|x64
		{38313A97-C3DF-44EC-B27B-C77BEB00BF9D}.Debug|x86.ActiveCfg = Debug|Win32
		{38313A97-C3DF-44EC-B27B-C77BEB00BF9D}.Debug|x86.Build.0 = Debug|Win32
		{38313A97-C3DF-44EC-B27B-C77BEB00BF9D}.Release|x64.ActiveCfg = Release|x64
		{38313A97-C3DF-44EC-B27B-C77BEB00BF9D}.Release|x64.Build.0 = Release|x64
		{38313A97-C3DF-44EC-B27B-C77BEB00BF9D}.Release|x86.ActiveCfg = Release|Win32
		{38313A97-C3DF-44EC-B27B-C77BEB00BF9D}.Release|x86.Build.0 = Release|Win32
	EndGlobalSection
	GlobalSection(SolutionProperties) = preSolution
		HideSolutionNode = FALSE
	EndGlobalSection
	GlobalSection(ExtensibilityGlobals) = postSolution
		SolutionGuid = {F35E492E-2B4A-45AB-A5E2-B5490CF65639}
	EndGlobalSection
EndGlobal
